<Solution>
  <Project Path="AgriMarket.Api/AgriMarket.Api.csproj" />
  <Project Path="src/Shared/AgriMarket.Shared/AgriMarket.Shared.csproj" />
  <Project Path="AgriMarket.BLL/AgriMarket.BLL.csproj" />
  <Project Path="AgriMarket.DAL/AgriMarket.DAL.csproj" />
  <Project Path="AgriMarket.Domain/AgriMarket.Domain.csproj" />
  <Project Path="AgriMarket.Resources/AgriMarket.Resources.csproj" />
  <Project Path="src/Modules/Users/AgriMarket.Modules.Users.Contracts/AgriMarket.Modules.Users.Contracts.csproj" />
  <Project Path="src/Modules/Users/AgriMarket.Modules.Users/AgriMarket.Modules.Users.csproj" />
  <Project Path="AgriMarket.Web/AgriMarket.Web.csproj" />
</Solution>
